
Microsoft Visual Studio Solution File, Format Version 12.00
# Visual Studio Version 17
VisualStudioVersion = 17.11.35327.3
MinimumVisualStudioVersion = 10.0.40219.1
Project("{9A19103F-16F7-4668-BE54-9A1E7A4F7556}") = "IronPDFCodingChallenge", "IronPDFCodingChallenge\IronPDFCodingChallenge.csproj", "{7EB09289-939C-4532-A77C-FB1FFBFA1251}"
EndProject
Project("{FAE04EC0-301F-11D3-BF4B-00C04F79EFBC}") = "IronPDFCodingChallenge.Tests", "IronPDFCodingChallenge.Tests\IronPDFCodingChallenge.Tests.csproj", "{8E77F9B3-4355-4093-9D0B-4055E140A78E}"
EndProject
Global
	GlobalSection(SolutionConfigurationPlatforms) = preSolution
		Debug|Any CPU = Debug|Any CPU
		Release|Any CPU = Release|Any CPU
	EndGlobalSection
	GlobalSection(ProjectConfigurationPlatforms) = postSolution
		{7EB09289-939C-4532-A77C-FB1FFBFA1251}.Debug|Any CPU.ActiveCfg = Debug|Any CPU
		{7EB09289-939C-4532-A77C-FB1FFBFA1251}.Debug|Any CPU.Build.0 = Debug|Any CPU
		{7EB09289-939C-4532-A77C-FB1FFBFA1251}.Release|Any CPU.ActiveCfg = Release|Any CPU
		{7EB09289-939C-4532-A77C-FB1FFBFA1251}.Release|Any CPU.Build.0 = Release|Any CPU
		{8E77F9B3-4355-4093-9D0B-4055E140A78E}.Debug|Any CPU.ActiveCfg = Debug|Any CPU
		{8E77F9B3-4355-4093-9D0B-4055E140A78E}.Debug|Any CPU.Build.0 = Debug|Any CPU
		{8E77F9B3-4355-4093-9D0B-4055E140A78E}.Release|Any CPU.ActiveCfg = Release|Any CPU
		{8E77F9B3-4355-4093-9D0B-4055E140A78E}.Release|Any CPU.Build.0 = Release|Any CPU
	EndGlobalSection
	GlobalSection(SolutionProperties) = preSolution
		HideSolutionNode = FALSE
	EndGlobalSection
	GlobalSection(ExtensibilityGlobals) = postSolution
		SolutionGuid = {C6912C83-EF30-4166-82B2-CC7E9F10C8C5}
	EndGlobalSection
EndGlobal
